// !$*UTF8*$!
{
	archiveVersion = 1;
	classes = {
	};
	objectVersion = 55;
	objects = {

/* Begin PBXBuildFile section */
		1FB4516C2980444500A13251 /* CityCollectionViewCell.swift in Sources */ = {isa = PBXBuildFile; fileRef = 1FB4516A2980444500A13251 /* CityCollectionViewCell.swift */; };
		1FB4516D2980444500A13251 /* CityCollectionViewCell.xib in Resources */ = {isa = PBXBuildFile; fileRef = 1FB4516B2980444500A13251 /* CityCollectionViewCell.xib */; };
		1FB451712980481500A13251 /* FilialsCollectionViewCell.swift in Sources */ = {isa = PBXBuildFile; fileRef = 1FB4516F2980481500A13251 /* FilialsCollectionViewCell.swift */; };
		1FB451722980481500A13251 /* FilialsCollectionViewCell.xib in Resources */ = {isa = PBXBuildFile; fileRef = 1FB451702980481500A13251 /* FilialsCollectionViewCell.xib */; };
		1FBCD570297700F100305699 /* AppDelegate.swift in Sources */ = {isa = PBXBuildFile; fileRef = 1FBCD56F297700F100305699 /* AppDelegate.swift */; };
		1FBCD572297700F100305699 /* SceneDelegate.swift in Sources */ = {isa = PBXBuildFile; fileRef = 1FBCD571297700F100305699 /* SceneDelegate.swift */; };
		1FBCD574297700F100305699 /* ViewController.swift in Sources */ = {isa = PBXBuildFile; fileRef = 1FBCD573297700F100305699 /* ViewController.swift */; };
		1FBCD577297700F100305699 /* Main.storyboard in Resources */ = {isa = PBXBuildFile; fileRef = 1FBCD575297700F100305699 /* Main.storyboard */; };
		1FBCD579297700F200305699 /* Assets.xcassets in Resources */ = {isa = PBXBuildFile; fileRef = 1FBCD578297700F200305699 /* Assets.xcassets */; };
		1FBCD57C297700F200305699 /* LaunchScreen.storyboard in Resources */ = {isa = PBXBuildFile; fileRef = 1FBCD57A297700F200305699 /* LaunchScreen.storyboard */; };
		1FF295A5297708C000F5A437 /* BankAPI.swift in Sources */ = {isa = PBXBuildFile; fileRef = 1FF295A4297708C000F5A437 /* BankAPI.swift */; };
		1FF295A72977097F00F5A437 /* BankModel.swift in Sources */ = {isa = PBXBuildFile; fileRef = 1FF295A62977097F00F5A437 /* BankModel.swift */; };
		1FF295A92977099A00F5A437 /* BankProvider.swift in Sources */ = {isa = PBXBuildFile; fileRef = 1FF295A82977099A00F5A437 /* BankProvider.swift */; };
		1FF295AB29770A8B00F5A437 /* MapController.swift in Sources */ = {isa = PBXBuildFile; fileRef = 1FF295AA29770A8B00F5A437 /* MapController.swift */; };
		1FF295AD29770B5300F5A437 /* TabBarController.swift in Sources */ = {isa = PBXBuildFile; fileRef = 1FF295AC29770B5300F5A437 /* TabBarController.swift */; };
<<<<<<< Updated upstream
=======
		1FF295B129771F2B00F5A437 /* ButtonController.swift in Sources */ = {isa = PBXBuildFile; fileRef = 1FF295AF29771F2B00F5A437 /* ButtonController.swift */; };
		1FF295B62979A9B400F5A437 /* GemCell.swift in Sources */ = {isa = PBXBuildFile; fileRef = 1FF295B42979A9B400F5A437 /* GemCell.swift */; };
		1FF295B72979A9B400F5A437 /* GemCell.xib in Resources */ = {isa = PBXBuildFile; fileRef = 1FF295B52979A9B400F5A437 /* GemCell.xib */; };
		1FF295BA2979B1C300F5A437 /* TableController.swift in Sources */ = {isa = PBXBuildFile; fileRef = 1FF295B92979B1C300F5A437 /* TableController.swift */; };
		1FF295BC297C134B00F5A437 /* Cities.swift in Sources */ = {isa = PBXBuildFile; fileRef = 1FF295BB297C134B00F5A437 /* Cities.swift */; };
>>>>>>> Stashed changes
		5D2990694F3E142BBFE9A168 /* Pods_BankApp.framework in Frameworks */ = {isa = PBXBuildFile; fileRef = 8DBCE739DC7861F72AE91C8B /* Pods_BankApp.framework */; };
/* End PBXBuildFile section */

/* Begin PBXFileReference section */
		1FB4516A2980444500A13251 /* CityCollectionViewCell.swift */ = {isa = PBXFileReference; lastKnownFileType = sourcecode.swift; path = CityCollectionViewCell.swift; sourceTree = "<group>"; };
		1FB4516B2980444500A13251 /* CityCollectionViewCell.xib */ = {isa = PBXFileReference; lastKnownFileType = file.xib; path = CityCollectionViewCell.xib; sourceTree = "<group>"; };
		1FB4516F2980481500A13251 /* FilialsCollectionViewCell.swift */ = {isa = PBXFileReference; lastKnownFileType = sourcecode.swift; path = FilialsCollectionViewCell.swift; sourceTree = "<group>"; };
		1FB451702980481500A13251 /* FilialsCollectionViewCell.xib */ = {isa = PBXFileReference; lastKnownFileType = file.xib; path = FilialsCollectionViewCell.xib; sourceTree = "<group>"; };
		1FBCD56C297700F100305699 /* BankApp.app */ = {isa = PBXFileReference; explicitFileType = wrapper.application; includeInIndex = 0; path = BankApp.app; sourceTree = BUILT_PRODUCTS_DIR; };
		1FBCD56F297700F100305699 /* AppDelegate.swift */ = {isa = PBXFileReference; lastKnownFileType = sourcecode.swift; path = AppDelegate.swift; sourceTree = "<group>"; };
		1FBCD571297700F100305699 /* SceneDelegate.swift */ = {isa = PBXFileReference; lastKnownFileType = sourcecode.swift; path = SceneDelegate.swift; sourceTree = "<group>"; };
		1FBCD573297700F100305699 /* ViewController.swift */ = {isa = PBXFileReference; lastKnownFileType = sourcecode.swift; path = ViewController.swift; sourceTree = "<group>"; };
		1FBCD576297700F100305699 /* Base */ = {isa = PBXFileReference; lastKnownFileType = file.storyboard; name = Base; path = Base.lproj/Main.storyboard; sourceTree = "<group>"; };
		1FBCD578297700F200305699 /* Assets.xcassets */ = {isa = PBXFileReference; lastKnownFileType = folder.assetcatalog; path = Assets.xcassets; sourceTree = "<group>"; };
		1FBCD57B297700F200305699 /* Base */ = {isa = PBXFileReference; lastKnownFileType = file.storyboard; name = Base; path = Base.lproj/LaunchScreen.storyboard; sourceTree = "<group>"; };
		1FBCD57D297700F200305699 /* Info.plist */ = {isa = PBXFileReference; lastKnownFileType = text.plist.xml; path = Info.plist; sourceTree = "<group>"; };
		1FF295A4297708C000F5A437 /* BankAPI.swift */ = {isa = PBXFileReference; lastKnownFileType = sourcecode.swift; path = BankAPI.swift; sourceTree = "<group>"; };
		1FF295A62977097F00F5A437 /* BankModel.swift */ = {isa = PBXFileReference; lastKnownFileType = sourcecode.swift; path = BankModel.swift; sourceTree = "<group>"; };
		1FF295A82977099A00F5A437 /* BankProvider.swift */ = {isa = PBXFileReference; lastKnownFileType = sourcecode.swift; path = BankProvider.swift; sourceTree = "<group>"; };
		1FF295AA29770A8B00F5A437 /* MapController.swift */ = {isa = PBXFileReference; lastKnownFileType = sourcecode.swift; path = MapController.swift; sourceTree = "<group>"; };
		1FF295AC29770B5300F5A437 /* TabBarController.swift */ = {isa = PBXFileReference; lastKnownFileType = sourcecode.swift; path = TabBarController.swift; sourceTree = "<group>"; };
<<<<<<< Updated upstream
=======
		1FF295AF29771F2B00F5A437 /* ButtonController.swift */ = {isa = PBXFileReference; lastKnownFileType = sourcecode.swift; path = ButtonController.swift; sourceTree = "<group>"; };
		1FF295B42979A9B400F5A437 /* GemCell.swift */ = {isa = PBXFileReference; lastKnownFileType = sourcecode.swift; path = GemCell.swift; sourceTree = "<group>"; };
		1FF295B52979A9B400F5A437 /* GemCell.xib */ = {isa = PBXFileReference; lastKnownFileType = file.xib; path = GemCell.xib; sourceTree = "<group>"; };
		1FF295B92979B1C300F5A437 /* TableController.swift */ = {isa = PBXFileReference; lastKnownFileType = sourcecode.swift; path = TableController.swift; sourceTree = "<group>"; };
		1FF295BB297C134B00F5A437 /* Cities.swift */ = {isa = PBXFileReference; lastKnownFileType = sourcecode.swift; path = Cities.swift; sourceTree = "<group>"; };
>>>>>>> Stashed changes
		5483763DDC068AF35F162E21 /* Pods-BankApp.release.xcconfig */ = {isa = PBXFileReference; includeInIndex = 1; lastKnownFileType = text.xcconfig; name = "Pods-BankApp.release.xcconfig"; path = "Target Support Files/Pods-BankApp/Pods-BankApp.release.xcconfig"; sourceTree = "<group>"; };
		8DBCE739DC7861F72AE91C8B /* Pods_BankApp.framework */ = {isa = PBXFileReference; explicitFileType = wrapper.framework; includeInIndex = 0; path = Pods_BankApp.framework; sourceTree = BUILT_PRODUCTS_DIR; };
		F7CD901C6037B638E7806B15 /* Pods-BankApp.debug.xcconfig */ = {isa = PBXFileReference; includeInIndex = 1; lastKnownFileType = text.xcconfig; name = "Pods-BankApp.debug.xcconfig"; path = "Target Support Files/Pods-BankApp/Pods-BankApp.debug.xcconfig"; sourceTree = "<group>"; };
/* End PBXFileReference section */

/* Begin PBXFrameworksBuildPhase section */
		1FBCD569297700F100305699 /* Frameworks */ = {
			isa = PBXFrameworksBuildPhase;
			buildActionMask = 2147483647;
			files = (
				5D2990694F3E142BBFE9A168 /* Pods_BankApp.framework in Frameworks */,
			);
			runOnlyForDeploymentPostprocessing = 0;
		};
/* End PBXFrameworksBuildPhase section */

/* Begin PBXGroup section */
		0D98C6F3B12E398C0C8CF9D7 /* Pods */ = {
			isa = PBXGroup;
			children = (
				F7CD901C6037B638E7806B15 /* Pods-BankApp.debug.xcconfig */,
				5483763DDC068AF35F162E21 /* Pods-BankApp.release.xcconfig */,
			);
			path = Pods;
			sourceTree = "<group>";
		};
		1FB451692980440900A13251 /* CityCollectionCell */ = {
			isa = PBXGroup;
			children = (
				1FB4516A2980444500A13251 /* CityCollectionViewCell.swift */,
				1FB4516B2980444500A13251 /* CityCollectionViewCell.xib */,
			);
			path = CityCollectionCell;
			sourceTree = "<group>";
		};
		1FB4516E298047F500A13251 /* FilialsCollectioCell */ = {
			isa = PBXGroup;
			children = (
				1FB4516F2980481500A13251 /* FilialsCollectionViewCell.swift */,
				1FB451702980481500A13251 /* FilialsCollectionViewCell.xib */,
			);
			path = FilialsCollectioCell;
			sourceTree = "<group>";
		};
		1FBCD563297700F100305699 = {
			isa = PBXGroup;
			children = (
				1FBCD56E297700F100305699 /* BankApp */,
				1FBCD56D297700F100305699 /* Products */,
				0D98C6F3B12E398C0C8CF9D7 /* Pods */,
				74C6EB8AE4AFD8C2D93E3B26 /* Frameworks */,
			);
			sourceTree = "<group>";
		};
		1FBCD56D297700F100305699 /* Products */ = {
			isa = PBXGroup;
			children = (
				1FBCD56C297700F100305699 /* BankApp.app */,
			);
			name = Products;
			sourceTree = "<group>";
		};
		1FBCD56E297700F100305699 /* BankApp */ = {
			isa = PBXGroup;
			children = (
				1FBCD56F297700F100305699 /* AppDelegate.swift */,
				1FBCD571297700F100305699 /* SceneDelegate.swift */,
				1FBCD573297700F100305699 /* ViewController.swift */,
				1FBCD575297700F100305699 /* Main.storyboard */,
				1FBCD578297700F200305699 /* Assets.xcassets */,
				1FBCD57A297700F200305699 /* LaunchScreen.storyboard */,
				1FBCD57D297700F200305699 /* Info.plist */,
				1FF295A4297708C000F5A437 /* BankAPI.swift */,
				1FF295A62977097F00F5A437 /* BankModel.swift */,
				1FF295A82977099A00F5A437 /* BankProvider.swift */,
				1FF295AA29770A8B00F5A437 /* MapController.swift */,
				1FF295AC29770B5300F5A437 /* TabBarController.swift */,
<<<<<<< Updated upstream
=======
				1FF295B92979B1C300F5A437 /* TableController.swift */,
				1FF295BB297C134B00F5A437 /* Cities.swift */,
>>>>>>> Stashed changes
			);
			path = BankApp;
			sourceTree = "<group>";
		};
<<<<<<< Updated upstream
=======
		1FF295AE29771E8600F5A437 /* Cells */ = {
			isa = PBXGroup;
			children = (
				1FB4516E298047F500A13251 /* FilialsCollectioCell */,
				1FB451692980440900A13251 /* CityCollectionCell */,
				1FF295B82979AA7400F5A437 /* GemCell */,
				1FF295B32979A97300F5A437 /* ButtonController */,
			);
			path = Cells;
			sourceTree = "<group>";
		};
		1FF295B32979A97300F5A437 /* ButtonController */ = {
			isa = PBXGroup;
			children = (
				1FF295AF29771F2B00F5A437 /* ButtonController.swift */,
			);
			path = ButtonController;
			sourceTree = "<group>";
		};
		1FF295B82979AA7400F5A437 /* GemCell */ = {
			isa = PBXGroup;
			children = (
				1FF295B42979A9B400F5A437 /* GemCell.swift */,
				1FF295B52979A9B400F5A437 /* GemCell.xib */,
			);
			path = GemCell;
			sourceTree = "<group>";
		};
>>>>>>> Stashed changes
		74C6EB8AE4AFD8C2D93E3B26 /* Frameworks */ = {
			isa = PBXGroup;
			children = (
				8DBCE739DC7861F72AE91C8B /* Pods_BankApp.framework */,
			);
			name = Frameworks;
			sourceTree = "<group>";
		};
/* End PBXGroup section */

/* Begin PBXNativeTarget section */
		1FBCD56B297700F100305699 /* BankApp */ = {
			isa = PBXNativeTarget;
			buildConfigurationList = 1FBCD580297700F200305699 /* Build configuration list for PBXNativeTarget "BankApp" */;
			buildPhases = (
				909AB4FD8888DA787EA14124 /* [CP] Check Pods Manifest.lock */,
				1FBCD568297700F100305699 /* Sources */,
				1FBCD569297700F100305699 /* Frameworks */,
				1FBCD56A297700F100305699 /* Resources */,
				3A5435982058BBDDD929B2BD /* [CP] Embed Pods Frameworks */,
				8FC9B4BE2FEF9A6D958C5666 /* [CP] Copy Pods Resources */,
			);
			buildRules = (
			);
			dependencies = (
			);
			name = BankApp;
			productName = BankApp;
			productReference = 1FBCD56C297700F100305699 /* BankApp.app */;
			productType = "com.apple.product-type.application";
		};
/* End PBXNativeTarget section */

/* Begin PBXProject section */
		1FBCD564297700F100305699 /* Project object */ = {
			isa = PBXProject;
			attributes = {
				BuildIndependentTargetsInParallel = 1;
				LastSwiftUpdateCheck = 1420;
				LastUpgradeCheck = 1420;
				TargetAttributes = {
					1FBCD56B297700F100305699 = {
						CreatedOnToolsVersion = 14.2;
					};
				};
			};
			buildConfigurationList = 1FBCD567297700F100305699 /* Build configuration list for PBXProject "BankApp" */;
			compatibilityVersion = "Xcode 13.0";
			developmentRegion = en;
			hasScannedForEncodings = 0;
			knownRegions = (
				en,
				Base,
			);
			mainGroup = 1FBCD563297700F100305699;
			productRefGroup = 1FBCD56D297700F100305699 /* Products */;
			projectDirPath = "";
			projectRoot = "";
			targets = (
				1FBCD56B297700F100305699 /* BankApp */,
			);
		};
/* End PBXProject section */

/* Begin PBXResourcesBuildPhase section */
		1FBCD56A297700F100305699 /* Resources */ = {
			isa = PBXResourcesBuildPhase;
			buildActionMask = 2147483647;
			files = (
				1FBCD57C297700F200305699 /* LaunchScreen.storyboard in Resources */,
<<<<<<< Updated upstream
=======
				1FB4516D2980444500A13251 /* CityCollectionViewCell.xib in Resources */,
				1FF295B72979A9B400F5A437 /* GemCell.xib in Resources */,
				1FB451722980481500A13251 /* FilialsCollectionViewCell.xib in Resources */,
>>>>>>> Stashed changes
				1FBCD579297700F200305699 /* Assets.xcassets in Resources */,
				1FBCD577297700F100305699 /* Main.storyboard in Resources */,
			);
			runOnlyForDeploymentPostprocessing = 0;
		};
/* End PBXResourcesBuildPhase section */

/* Begin PBXShellScriptBuildPhase section */
		3A5435982058BBDDD929B2BD /* [CP] Embed Pods Frameworks */ = {
			isa = PBXShellScriptBuildPhase;
			buildActionMask = 2147483647;
			files = (
			);
			inputFileListPaths = (
				"${PODS_ROOT}/Target Support Files/Pods-BankApp/Pods-BankApp-frameworks-${CONFIGURATION}-input-files.xcfilelist",
			);
			name = "[CP] Embed Pods Frameworks";
			outputFileListPaths = (
				"${PODS_ROOT}/Target Support Files/Pods-BankApp/Pods-BankApp-frameworks-${CONFIGURATION}-output-files.xcfilelist",
			);
			runOnlyForDeploymentPostprocessing = 0;
			shellPath = /bin/sh;
			shellScript = "\"${PODS_ROOT}/Target Support Files/Pods-BankApp/Pods-BankApp-frameworks.sh\"\n";
			showEnvVarsInLog = 0;
		};
		8FC9B4BE2FEF9A6D958C5666 /* [CP] Copy Pods Resources */ = {
			isa = PBXShellScriptBuildPhase;
			buildActionMask = 2147483647;
			files = (
			);
			inputFileListPaths = (
				"${PODS_ROOT}/Target Support Files/Pods-BankApp/Pods-BankApp-resources-${CONFIGURATION}-input-files.xcfilelist",
			);
			name = "[CP] Copy Pods Resources";
			outputFileListPaths = (
				"${PODS_ROOT}/Target Support Files/Pods-BankApp/Pods-BankApp-resources-${CONFIGURATION}-output-files.xcfilelist",
			);
			runOnlyForDeploymentPostprocessing = 0;
			shellPath = /bin/sh;
			shellScript = "\"${PODS_ROOT}/Target Support Files/Pods-BankApp/Pods-BankApp-resources.sh\"\n";
			showEnvVarsInLog = 0;
		};
		909AB4FD8888DA787EA14124 /* [CP] Check Pods Manifest.lock */ = {
			isa = PBXShellScriptBuildPhase;
			buildActionMask = 2147483647;
			files = (
			);
			inputFileListPaths = (
			);
			inputPaths = (
				"${PODS_PODFILE_DIR_PATH}/Podfile.lock",
				"${PODS_ROOT}/Manifest.lock",
			);
			name = "[CP] Check Pods Manifest.lock";
			outputFileListPaths = (
			);
			outputPaths = (
				"$(DERIVED_FILE_DIR)/Pods-BankApp-checkManifestLockResult.txt",
			);
			runOnlyForDeploymentPostprocessing = 0;
			shellPath = /bin/sh;
			shellScript = "diff \"${PODS_PODFILE_DIR_PATH}/Podfile.lock\" \"${PODS_ROOT}/Manifest.lock\" > /dev/null\nif [ $? != 0 ] ; then\n    # print error to STDERR\n    echo \"error: The sandbox is not in sync with the Podfile.lock. Run 'pod install' or update your CocoaPods installation.\" >&2\n    exit 1\nfi\n# This output is used by Xcode 'outputs' to avoid re-running this script phase.\necho \"SUCCESS\" > \"${SCRIPT_OUTPUT_FILE_0}\"\n";
			showEnvVarsInLog = 0;
		};
/* End PBXShellScriptBuildPhase section */

/* Begin PBXSourcesBuildPhase section */
		1FBCD568297700F100305699 /* Sources */ = {
			isa = PBXSourcesBuildPhase;
			buildActionMask = 2147483647;
			files = (
				1FF295BC297C134B00F5A437 /* Cities.swift in Sources */,
				1FBCD574297700F100305699 /* ViewController.swift in Sources */,
				1FF295AD29770B5300F5A437 /* TabBarController.swift in Sources */,
<<<<<<< Updated upstream
=======
				1FB4516C2980444500A13251 /* CityCollectionViewCell.swift in Sources */,
				1FF295BA2979B1C300F5A437 /* TableController.swift in Sources */,
>>>>>>> Stashed changes
				1FF295AB29770A8B00F5A437 /* MapController.swift in Sources */,
				1FF295A72977097F00F5A437 /* BankModel.swift in Sources */,
				1FF295A92977099A00F5A437 /* BankProvider.swift in Sources */,
				1FBCD570297700F100305699 /* AppDelegate.swift in Sources */,
				1FB451712980481500A13251 /* FilialsCollectionViewCell.swift in Sources */,
				1FF295A5297708C000F5A437 /* BankAPI.swift in Sources */,
				1FBCD572297700F100305699 /* SceneDelegate.swift in Sources */,
			);
			runOnlyForDeploymentPostprocessing = 0;
		};
/* End PBXSourcesBuildPhase section */

/* Begin PBXVariantGroup section */
		1FBCD575297700F100305699 /* Main.storyboard */ = {
			isa = PBXVariantGroup;
			children = (
				1FBCD576297700F100305699 /* Base */,
			);
			name = Main.storyboard;
			sourceTree = "<group>";
		};
		1FBCD57A297700F200305699 /* LaunchScreen.storyboard */ = {
			isa = PBXVariantGroup;
			children = (
				1FBCD57B297700F200305699 /* Base */,
			);
			name = LaunchScreen.storyboard;
			sourceTree = "<group>";
		};
/* End PBXVariantGroup section */

/* Begin XCBuildConfiguration section */
		1FBCD57E297700F200305699 /* Debug */ = {
			isa = XCBuildConfiguration;
			buildSettings = {
				ALWAYS_SEARCH_USER_PATHS = NO;
				CLANG_ANALYZER_NONNULL = YES;
				CLANG_ANALYZER_NUMBER_OBJECT_CONVERSION = YES_AGGRESSIVE;
				CLANG_CXX_LANGUAGE_STANDARD = "gnu++20";
				CLANG_ENABLE_MODULES = YES;
				CLANG_ENABLE_OBJC_ARC = YES;
				CLANG_ENABLE_OBJC_WEAK = YES;
				CLANG_WARN_BLOCK_CAPTURE_AUTORELEASING = YES;
				CLANG_WARN_BOOL_CONVERSION = YES;
				CLANG_WARN_COMMA = YES;
				CLANG_WARN_CONSTANT_CONVERSION = YES;
				CLANG_WARN_DEPRECATED_OBJC_IMPLEMENTATIONS = YES;
				CLANG_WARN_DIRECT_OBJC_ISA_USAGE = YES_ERROR;
				CLANG_WARN_DOCUMENTATION_COMMENTS = YES;
				CLANG_WARN_EMPTY_BODY = YES;
				CLANG_WARN_ENUM_CONVERSION = YES;
				CLANG_WARN_INFINITE_RECURSION = YES;
				CLANG_WARN_INT_CONVERSION = YES;
				CLANG_WARN_NON_LITERAL_NULL_CONVERSION = YES;
				CLANG_WARN_OBJC_IMPLICIT_RETAIN_SELF = YES;
				CLANG_WARN_OBJC_LITERAL_CONVERSION = YES;
				CLANG_WARN_OBJC_ROOT_CLASS = YES_ERROR;
				CLANG_WARN_QUOTED_INCLUDE_IN_FRAMEWORK_HEADER = YES;
				CLANG_WARN_RANGE_LOOP_ANALYSIS = YES;
				CLANG_WARN_STRICT_PROTOTYPES = YES;
				CLANG_WARN_SUSPICIOUS_MOVE = YES;
				CLANG_WARN_UNGUARDED_AVAILABILITY = YES_AGGRESSIVE;
				CLANG_WARN_UNREACHABLE_CODE = YES;
				CLANG_WARN__DUPLICATE_METHOD_MATCH = YES;
				COPY_PHASE_STRIP = NO;
				DEBUG_INFORMATION_FORMAT = dwarf;
				ENABLE_STRICT_OBJC_MSGSEND = YES;
				ENABLE_TESTABILITY = YES;
				GCC_C_LANGUAGE_STANDARD = gnu11;
				GCC_DYNAMIC_NO_PIC = NO;
				GCC_NO_COMMON_BLOCKS = YES;
				GCC_OPTIMIZATION_LEVEL = 0;
				GCC_PREPROCESSOR_DEFINITIONS = (
					"DEBUG=1",
					"$(inherited)",
				);
				GCC_WARN_64_TO_32_BIT_CONVERSION = YES;
				GCC_WARN_ABOUT_RETURN_TYPE = YES_ERROR;
				GCC_WARN_UNDECLARED_SELECTOR = YES;
				GCC_WARN_UNINITIALIZED_AUTOS = YES_AGGRESSIVE;
				GCC_WARN_UNUSED_FUNCTION = YES;
				GCC_WARN_UNUSED_VARIABLE = YES;
				IPHONEOS_DEPLOYMENT_TARGET = 16.2;
				MTL_ENABLE_DEBUG_INFO = INCLUDE_SOURCE;
				MTL_FAST_MATH = YES;
				ONLY_ACTIVE_ARCH = YES;
				SDKROOT = iphoneos;
				SWIFT_ACTIVE_COMPILATION_CONDITIONS = DEBUG;
				SWIFT_OPTIMIZATION_LEVEL = "-Onone";
			};
			name = Debug;
		};
		1FBCD57F297700F200305699 /* Release */ = {
			isa = XCBuildConfiguration;
			buildSettings = {
				ALWAYS_SEARCH_USER_PATHS = NO;
				CLANG_ANALYZER_NONNULL = YES;
				CLANG_ANALYZER_NUMBER_OBJECT_CONVERSION = YES_AGGRESSIVE;
				CLANG_CXX_LANGUAGE_STANDARD = "gnu++20";
				CLANG_ENABLE_MODULES = YES;
				CLANG_ENABLE_OBJC_ARC = YES;
				CLANG_ENABLE_OBJC_WEAK = YES;
				CLANG_WARN_BLOCK_CAPTURE_AUTORELEASING = YES;
				CLANG_WARN_BOOL_CONVERSION = YES;
				CLANG_WARN_COMMA = YES;
				CLANG_WARN_CONSTANT_CONVERSION = YES;
				CLANG_WARN_DEPRECATED_OBJC_IMPLEMENTATIONS = YES;
				CLANG_WARN_DIRECT_OBJC_ISA_USAGE = YES_ERROR;
				CLANG_WARN_DOCUMENTATION_COMMENTS = YES;
				CLANG_WARN_EMPTY_BODY = YES;
				CLANG_WARN_ENUM_CONVERSION = YES;
				CLANG_WARN_INFINITE_RECURSION = YES;
				CLANG_WARN_INT_CONVERSION = YES;
				CLANG_WARN_NON_LITERAL_NULL_CONVERSION = YES;
				CLANG_WARN_OBJC_IMPLICIT_RETAIN_SELF = YES;
				CLANG_WARN_OBJC_LITERAL_CONVERSION = YES;
				CLANG_WARN_OBJC_ROOT_CLASS = YES_ERROR;
				CLANG_WARN_QUOTED_INCLUDE_IN_FRAMEWORK_HEADER = YES;
				CLANG_WARN_RANGE_LOOP_ANALYSIS = YES;
				CLANG_WARN_STRICT_PROTOTYPES = YES;
				CLANG_WARN_SUSPICIOUS_MOVE = YES;
				CLANG_WARN_UNGUARDED_AVAILABILITY = YES_AGGRESSIVE;
				CLANG_WARN_UNREACHABLE_CODE = YES;
				CLANG_WARN__DUPLICATE_METHOD_MATCH = YES;
				COPY_PHASE_STRIP = NO;
				DEBUG_INFORMATION_FORMAT = "dwarf-with-dsym";
				ENABLE_NS_ASSERTIONS = NO;
				ENABLE_STRICT_OBJC_MSGSEND = YES;
				GCC_C_LANGUAGE_STANDARD = gnu11;
				GCC_NO_COMMON_BLOCKS = YES;
				GCC_WARN_64_TO_32_BIT_CONVERSION = YES;
				GCC_WARN_ABOUT_RETURN_TYPE = YES_ERROR;
				GCC_WARN_UNDECLARED_SELECTOR = YES;
				GCC_WARN_UNINITIALIZED_AUTOS = YES_AGGRESSIVE;
				GCC_WARN_UNUSED_FUNCTION = YES;
				GCC_WARN_UNUSED_VARIABLE = YES;
				IPHONEOS_DEPLOYMENT_TARGET = 16.2;
				MTL_ENABLE_DEBUG_INFO = NO;
				MTL_FAST_MATH = YES;
				SDKROOT = iphoneos;
				SWIFT_COMPILATION_MODE = wholemodule;
				SWIFT_OPTIMIZATION_LEVEL = "-O";
				VALIDATE_PRODUCT = YES;
			};
			name = Release;
		};
		1FBCD581297700F200305699 /* Debug */ = {
			isa = XCBuildConfiguration;
			baseConfigurationReference = F7CD901C6037B638E7806B15 /* Pods-BankApp.debug.xcconfig */;
			buildSettings = {
				ASSETCATALOG_COMPILER_APPICON_NAME = AppIcon;
				ASSETCATALOG_COMPILER_GLOBAL_ACCENT_COLOR_NAME = AccentColor;
				CODE_SIGN_STYLE = Automatic;
				CURRENT_PROJECT_VERSION = 1;
				DEVELOPMENT_TEAM = 46WGSYKGFT;
				GENERATE_INFOPLIST_FILE = YES;
				INFOPLIST_FILE = BankApp/Info.plist;
				INFOPLIST_KEY_UIApplicationSupportsIndirectInputEvents = YES;
				INFOPLIST_KEY_UILaunchStoryboardName = LaunchScreen;
				INFOPLIST_KEY_UIMainStoryboardFile = Main;
				INFOPLIST_KEY_UISupportedInterfaceOrientations_iPad = "UIInterfaceOrientationPortrait UIInterfaceOrientationPortraitUpsideDown UIInterfaceOrientationLandscapeLeft UIInterfaceOrientationLandscapeRight";
				INFOPLIST_KEY_UISupportedInterfaceOrientations_iPhone = "UIInterfaceOrientationPortrait UIInterfaceOrientationLandscapeLeft UIInterfaceOrientationLandscapeRight";
				LD_RUNPATH_SEARCH_PATHS = (
					"$(inherited)",
					"@executable_path/Frameworks",
				);
				MARKETING_VERSION = 1.0;
				PRODUCT_BUNDLE_IDENTIFIER = by.byby.BankApp;
				PRODUCT_NAME = "$(TARGET_NAME)";
				SWIFT_EMIT_LOC_STRINGS = YES;
				SWIFT_VERSION = 5.0;
				TARGETED_DEVICE_FAMILY = "1,2";
			};
			name = Debug;
		};
		1FBCD582297700F200305699 /* Release */ = {
			isa = XCBuildConfiguration;
			baseConfigurationReference = 5483763DDC068AF35F162E21 /* Pods-BankApp.release.xcconfig */;
			buildSettings = {
				ASSETCATALOG_COMPILER_APPICON_NAME = AppIcon;
				ASSETCATALOG_COMPILER_GLOBAL_ACCENT_COLOR_NAME = AccentColor;
				CODE_SIGN_STYLE = Automatic;
				CURRENT_PROJECT_VERSION = 1;
				DEVELOPMENT_TEAM = 46WGSYKGFT;
				GENERATE_INFOPLIST_FILE = YES;
				INFOPLIST_FILE = BankApp/Info.plist;
				INFOPLIST_KEY_UIApplicationSupportsIndirectInputEvents = YES;
				INFOPLIST_KEY_UILaunchStoryboardName = LaunchScreen;
				INFOPLIST_KEY_UIMainStoryboardFile = Main;
				INFOPLIST_KEY_UISupportedInterfaceOrientations_iPad = "UIInterfaceOrientationPortrait UIInterfaceOrientationPortraitUpsideDown UIInterfaceOrientationLandscapeLeft UIInterfaceOrientationLandscapeRight";
				INFOPLIST_KEY_UISupportedInterfaceOrientations_iPhone = "UIInterfaceOrientationPortrait UIInterfaceOrientationLandscapeLeft UIInterfaceOrientationLandscapeRight";
				LD_RUNPATH_SEARCH_PATHS = (
					"$(inherited)",
					"@executable_path/Frameworks",
				);
				MARKETING_VERSION = 1.0;
				PRODUCT_BUNDLE_IDENTIFIER = by.byby.BankApp;
				PRODUCT_NAME = "$(TARGET_NAME)";
				SWIFT_EMIT_LOC_STRINGS = YES;
				SWIFT_VERSION = 5.0;
				TARGETED_DEVICE_FAMILY = "1,2";
			};
			name = Release;
		};
/* End XCBuildConfiguration section */

/* Begin XCConfigurationList section */
		1FBCD567297700F100305699 /* Build configuration list for PBXProject "BankApp" */ = {
			isa = XCConfigurationList;
			buildConfigurations = (
				1FBCD57E297700F200305699 /* Debug */,
				1FBCD57F297700F200305699 /* Release */,
			);
			defaultConfigurationIsVisible = 0;
			defaultConfigurationName = Release;
		};
		1FBCD580297700F200305699 /* Build configuration list for PBXNativeTarget "BankApp" */ = {
			isa = XCConfigurationList;
			buildConfigurations = (
				1FBCD581297700F200305699 /* Debug */,
				1FBCD582297700F200305699 /* Release */,
			);
			defaultConfigurationIsVisible = 0;
			defaultConfigurationName = Release;
		};
/* End XCConfigurationList section */
	};
	rootObject = 1FBCD564297700F100305699 /* Project object */;
}
